{
  "name": "test-sbom-private",
  "version": "1.0.0",
  "lockfileVersion": 3,
  "requires": true,
  "packages": {
    "": {
      "name": "test-sbom-private",
      "version": "1.0.0",
      "dependencies": {
        "@mustanwtr/internal-lib": "^1.0.0"
      }
    },
    "node_modules/@mustanwtr/internal-lib": {
      "version": "1.0.1",
      "resolved": "https://npm.pkg.github.com/download/@mustanwtr/internal-lib/1.0.1/d8d14ced02f270ee0d5d65dd7af2bdbefffd5d11",
      "integrity": "sha512-Cr1+FUt/V5RCETlILzcZ2KTw3bwml+7zi7lQuy7fmfRJ6Ms0hcvqindOoSME2H28disyyfgVbpYbJCQew3m4TQ==",
      "license": "ISC"
    }
  }
}
